
Microsoft Visual Studio Solution File, Format Version 12.00
# Visual Studio Version 16
VisualStudioVersion = 16.0.30320.27
MinimumVisualStudioVersion = 10.0.40219.1
Project("{8BC9CEB8-8B4A-11D0-8D11-00A0C91BC942}") = "MainProject", "MainProject\MainProject.vcxproj", "{59144B5A-4145-429A-A287-416E43139168}"
EndProject
Project("{8BC9CEB8-8B4A-11D0-8D11-00A0C91BC942}") = "test01Project", "test01Project\test01Project.vcxproj", "{1AC1F27A-5DE6-40DC-826F-F8C52060F692}"
EndProject
Project("{8BC9CEB8-8B4A-11D0-8D11-00A0C91BC942}") = "IntegerProject", "IntegerProject\IntegerProject.vcxproj", "{2FC3C8D5-839C-4AAA-9347-0027839B7DE6}"
EndProject
Project("{8BC9CEB8-8B4A-11D0-8D11-00A0C91BC942}") = "ADCProject", "ADCProject\ADCProject.vcxproj", "{18539269-A148-42DB-98AD-37BA60BA080B}"
EndProject
Project("{8BC9CEB8-8B4A-11D0-8D11-00A0C91BC942}") = "PointProject", "PointProject\PointProject.vcxproj", "{0C1D62DB-8B5B-4D2C-950B-C10AAFC7727D}"
EndProject
Project("{8BC9CEB8-8B4A-11D0-8D11-00A0C91BC942}") = "AnimalProject", "AnimalProject\AnimalProject.vcxproj", "{80E2D9B3-363A-47B6-8A75-413EB34D046C}"
EndProject
Global
	GlobalSection(SolutionConfigurationPlatforms) = preSolution
		Debug|x64 = Debug|x64
		Debug|x86 = Debug|x86
		Release|x64 = Release|x64
		Release|x86 = Release|x86
	EndGlobalSection
	GlobalSection(ProjectConfigurationPlatforms) = postSolution
		{59144B5A-4145-429A-A287-416E43139168}.Debug|x64.ActiveCfg = Debug|x64
		{59144B5A-4145-429A-A287-416E43139168}.Debug|x64.Build.0 = Debug|x64
		{59144B5A-4145-429A-A287-416E43139168}.Debug|x86.ActiveCfg = Debug|Win32
		{59144B5A-4145-429A-A287-416E43139168}.Debug|x86.Build.0 = Debug|Win32
		{59144B5A-4145-429A-A287-416E43139168}.Release|x64.ActiveCfg = Release|x64
		{59144B5A-4145-429A-A287-416E43139168}.Release|x64.Build.0 = Release|x64
		{59144B5A-4145-429A-A287-416E43139168}.Release|x86.ActiveCfg = Release|Win32
		{59144B5A-4145-429A-A287-416E43139168}.Release|x86.Build.0 = Release|Win32
		{1AC1F27A-5DE6-40DC-826F-F8C52060F692}.Debug|x64.ActiveCfg = Debug|x64
		{1AC1F27A-5DE6-40DC-826F-F8C52060F692}.Debug|x64.Build.0 = Debug|x64
		{1AC1F27A-5DE6-40DC-826F-F8C52060F692}.Debug|x86.ActiveCfg = Debug|Win32
		{1AC1F27A-5DE6-40DC-826F-F8C52060F692}.Debug|x86.Build.0 = Debug|Win32
		{1AC1F27A-5DE6-40DC-826F-F8C52060F692}.Release|x64.ActiveCfg = Release|x64
		{1AC1F27A-5DE6-40DC-826F-F8C52060F692}.Release|x64.Build.0 = Release|x64
		{1AC1F27A-5DE6-40DC-826F-F8C52060F692}.Release|x86.ActiveCfg = Release|Win32
		{1AC1F27A-5DE6-40DC-826F-F8C52060F692}.Release|x86.Build.0 = Release|Win32
		{2FC3C8D5-839C-4AAA-9347-0027839B7DE6}.Debug|x64.ActiveCfg = Debug|x64
		{2FC3C8D5-839C-4AAA-9347-0027839B7DE6}.Debug|x64.Build.0 = Debug|x64
		{2FC3C8D5-839C-4AAA-9347-0027839B7DE6}.Debug|x86.ActiveCfg = Debug|Win32
		{2FC3C8D5-839C-4AAA-9347-0027839B7DE6}.Debug|x86.Build.0 = Debug|Win32
		{2FC3C8D5-839C-4AAA-9347-0027839B7DE6}.Release|x64.ActiveCfg = Release|x64
		{2FC3C8D5-839C-4AAA-9347-0027839B7DE6}.Release|x64.Build.0 = Release|x64
		{2FC3C8D5-839C-4AAA-9347-0027839B7DE6}.Release|x86.ActiveCfg = Release|Win32
		{2FC3C8D5-839C-4AAA-9347-0027839B7DE6}.Release|x86.Build.0 = Release|Win32
		{18539269-A148-42DB-98AD-37BA60BA080B}.Debug|x64.ActiveCfg = Debug|x64
		{18539269-A148-42DB-98AD-37BA60BA080B}.Debug|x64.Build.0 = Debug|x64
		{18539269-A148-42DB-98AD-37BA60BA080B}.Debug|x86.ActiveCfg = Debug|Win32
		{18539269-A148-42DB-98AD-37BA60BA080B}.Debug|x86.Build.0 = Debug|Win32
		{18539269-A148-42DB-98AD-37BA60BA080B}.Release|x64.ActiveCfg = Release|x64
		{18539269-A148-42DB-98AD-37BA60BA080B}.Release|x64.Build.0 = Release|x64
		{18539269-A148-42DB-98AD-37BA60BA080B}.Release|x86.ActiveCfg = Release|Win32
		{18539269-A148-42DB-98AD-37BA60BA080B}.Release|x86.Build.0 = Release|Win32
		{0C1D62DB-8B5B-4D2C-950B-C10AAFC7727D}.Debug|x64.ActiveCfg = Debug|x64
		{0C1D62DB-8B5B-4D2C-950B-C10AAFC7727D}.Debug|x64.Build.0 = Debug|x64
		{0C1D62DB-8B5B-4D2C-950B-C10AAFC7727D}.Debug|x86.ActiveCfg = Debug|Win32
		{0C1D62DB-8B5B-4D2C-950B-C10AAFC7727D}.Debug|x86.Build.0 = Debug|Win32
		{0C1D62DB-8B5B-4D2C-950B-C10AAFC7727D}.Release|x64.ActiveCfg = Release|x64
		{0C1D62DB-8B5B-4D2C-950B-C10AAFC7727D}.Release|x64.Build.0 = Release|x64
		{0C1D62DB-8B5B-4D2C-950B-C10AAFC7727D}.Release|x86.ActiveCfg = Release|Win32
		{0C1D62DB-8B5B-4D2C-950B-C10AAFC7727D}.Release|x86.Build.0 = Release|Win32
		{80E2D9B3-363A-47B6-8A75-413EB34D046C}.Debug|x64.ActiveCfg = Debug|x64
		{80E2D9B3-363A-47B6-8A75-413EB34D046C}.Debug|x64.Build.0 = Debug|x64
		{80E2D9B3-363A-47B6-8A75-413EB34D046C}.Debug|x86.ActiveCfg = Debug|Win32
		{80E2D9B3-363A-47B6-8A75-413EB34D046C}.Debug|x86.Build.0 = Debug|Win32
		{80E2D9B3-363A-47B6-8A75-413EB34D046C}.Release|x64.ActiveCfg = Release|x64
		{80E2D9B3-363A-47B6-8A75-413EB34D046C}.Release|x64.Build.0 = Release|x64
		{80E2D9B3-363A-47B6-8A75-413EB34D046C}.Release|x86.ActiveCfg = Release|Win32
		{80E2D9B3-363A-47B6-8A75-413EB34D046C}.Release|x86.Build.0 = Release|Win32
	EndGlobalSection
	GlobalSection(SolutionProperties) = preSolution
		HideSolutionNode = FALSE
	EndGlobalSection
	GlobalSection(ExtensibilityGlobals) = postSolution
		SolutionGuid = {3BBBFBA1-B6D2-40B1-B1F7-B499CBC72537}
	EndGlobalSection
EndGlobal
